
Microsoft Visual Studio Solution File, Format Version 12.00
# Visual Studio 15
VisualStudioVersion = 15.0.27428.2037
MinimumVisualStudioVersion = 10.0.40219.1
Project("{FAE04EC0-301F-11D3-BF4B-00C04F79EFBC}") = "ReportExport", "ReportExport\ReportExport.csproj", "{2C821D28-0D17-49CD-8A88-5324C5F988FD}"
EndProject
Global
	GlobalSection(SolutionConfigurationPlatforms) = preSolution
		Debug|Any CPU = Debug|Any CPU
		Release|Any CPU = Release|Any CPU
	EndGlobalSection
	GlobalSection(ProjectConfigurationPlatforms) = postSolution
		{2C821D28-0D17-49CD-8A88-5324C5F988FD}.Debug|Any CPU.ActiveCfg = Debug|Any CPU
		{2C821D28-0D17-49CD-8A88-5324C5F988FD}.Debug|Any CPU.Build.0 = Debug|Any CPU
		{2C821D28-0D17-49CD-8A88-5324C5F988FD}.Release|Any CPU.ActiveCfg = Release|Any CPU
		{2C821D28-0D17-49CD-8A88-5324C5F988FD}.Release|Any CPU.Build.0 = Release|Any CPU
	EndGlobalSection
	GlobalSection(SolutionProperties) = preSolution
		HideSolutionNode = FALSE
	EndGlobalSection
	GlobalSection(ExtensibilityGlobals) = postSolution
		SolutionGuid = {63DC6CC8-BA28-462A-98FD-7510E0012B3B}
	EndGlobalSection
EndGlobal
